
Microsoft Visual Studio Solution File, Format Version 12.00
# Visual Studio Version 18
VisualStudioVersion = 18.1.11304.174 d18.0
MinimumVisualStudioVersion = 10.0.40219.1
Project("{9A19103F-16F7-4668-BE54-9A1E7A4F7556}") = "RazorPage", "RazorPage\RazorPage.csproj", "{E8823819-290C-48B8-BA6E-C9E89379FF56}"
EndProject
Project("{9A19103F-16F7-4668-BE54-9A1E7A4F7556}") = "Backplane1", "Backplane1\Backplane1.csproj", "{F5C77E42-49C0-465D-824A-EF3A06603990}"
EndProject
Project("{9A19103F-16F7-4668-BE54-9A1E7A4F7556}") = "Backplane2", "Backplane2\Backplane2.csproj", "{BAE3FEF9-43D3-480B-82FE-DE03FA02EE3E}"
EndProject
Project("{FAE04EC0-301F-11D3-BF4B-00C04F79EFBC}") = "BackendClient", "BackendClient\BackendClient.csproj", "{53C20C85-BA5A-457B-A0DD-E857A3DEF5C6}"
EndProject
Project("{FAE04EC0-301F-11D3-BF4B-00C04F79EFBC}") = "Backplane.Common", "Backplane.Common\Backplane.Common.csproj", "{09B5CB81-7A10-417E-972C-A2A490A9043C}"
EndProject
Global
	GlobalSection(SolutionConfigurationPlatforms) = preSolution
		Debug|Any CPU = Debug|Any CPU
		Release|Any CPU = Release|Any CPU
	EndGlobalSection
	GlobalSection(ProjectConfigurationPlatforms) = postSolution
		{E8823819-290C-48B8-BA6E-C9E89379FF56}.Debug|Any CPU.ActiveCfg = Debug|Any CPU
		{E8823819-290C-48B8-BA6E-C9E89379FF56}.Debug|Any CPU.Build.0 = Debug|Any CPU
		{E8823819-290C-48B8-BA6E-C9E89379FF56}.Release|Any CPU.ActiveCfg = Release|Any CPU
		{E8823819-290C-48B8-BA6E-C9E89379FF56}.Release|Any CPU.Build.0 = Release|Any CPU
		{F5C77E42-49C0-465D-824A-EF3A06603990}.Debug|Any CPU.ActiveCfg = Debug|Any CPU
		{F5C77E42-49C0-465D-824A-EF3A06603990}.Debug|Any CPU.Build.0 = Debug|Any CPU
		{F5C77E42-49C0-465D-824A-EF3A06603990}.Release|Any CPU.ActiveCfg = Release|Any CPU
		{F5C77E42-49C0-465D-824A-EF3A06603990}.Release|Any CPU.Build.0 = Release|Any CPU
		{BAE3FEF9-43D3-480B-82FE-DE03FA02EE3E}.Debug|Any CPU.ActiveCfg = Debug|Any CPU
		{BAE3FEF9-43D3-480B-82FE-DE03FA02EE3E}.Debug|Any CPU.Build.0 = Debug|Any CPU
		{BAE3FEF9-43D3-480B-82FE-DE03FA02EE3E}.Release|Any CPU.ActiveCfg = Release|Any CPU
		{BAE3FEF9-43D3-480B-82FE-DE03FA02EE3E}.Release|Any CPU.Build.0 = Release|Any CPU
		{53C20C85-BA5A-457B-A0DD-E857A3DEF5C6}.Debug|Any CPU.ActiveCfg = Debug|Any CPU
		{53C20C85-BA5A-457B-A0DD-E857A3DEF5C6}.Debug|Any CPU.Build.0 = Debug|Any CPU
		{53C20C85-BA5A-457B-A0DD-E857A3DEF5C6}.Release|Any CPU.ActiveCfg = Release|Any CPU
		{53C20C85-BA5A-457B-A0DD-E857A3DEF5C6}.Release|Any CPU.Build.0 = Release|Any CPU
		{09B5CB81-7A10-417E-972C-A2A490A9043C}.Debug|Any CPU.ActiveCfg = Debug|Any CPU
		{09B5CB81-7A10-417E-972C-A2A490A9043C}.Debug|Any CPU.Build.0 = Debug|Any CPU
		{09B5CB81-7A10-417E-972C-A2A490A9043C}.Release|Any CPU.ActiveCfg = Release|Any CPU
		{09B5CB81-7A10-417E-972C-A2A490A9043C}.Release|Any CPU.Build.0 = Release|Any CPU
	EndGlobalSection
	GlobalSection(SolutionProperties) = preSolution
		HideSolutionNode = FALSE
	EndGlobalSection
	GlobalSection(ExtensibilityGlobals) = postSolution
		SolutionGuid = {048C4D39-9DCB-44EB-BBC1-556D2D7A3078}
	EndGlobalSection
EndGlobal
